// !$*UTF8*$!
{
	archiveVersion = 1;
	classes = {
	};
	objectVersion = 46;
	objects = {

/* Begin PBXBuildFile section */
		2E278A5D1944712D00D19C8B /* CalViewController.m in Sources */ = {isa = PBXBuildFile; fileRef = 2E278A5C1944712D00D19C8B /* CalViewController.m */; };
		2E6D3F801954494600C6890B /* 120.png in Resources */ = {isa = PBXBuildFile; fileRef = 2E6D3F7D1954494600C6890B /* 120.png */; };
		2E6D3F811954494600C6890B /* 58.png in Resources */ = {isa = PBXBuildFile; fileRef = 2E6D3F7E1954494600C6890B /* 58.png */; };
		2E6D3F821954494600C6890B /* 80.png in Resources */ = {isa = PBXBuildFile; fileRef = 2E6D3F7F1954494600C6890B /* 80.png */; };
		2EC7C2051943371400A6C790 /* Foundation.framework in Frameworks */ = {isa = PBXBuildFile; fileRef = 2EC7C2041943371400A6C790 /* Foundation.framework */; };
		2EC7C2071943371400A6C790 /* CoreGraphics.framework in Frameworks */ = {isa = PBXBuildFile; fileRef = 2EC7C2061943371400A6C790 /* CoreGraphics.framework */; };
		2EC7C2091943371400A6C790 /* UIKit.framework in Frameworks */ = {isa = PBXBuildFile; fileRef = 2EC7C2081943371400A6C790 /* UIKit.framework */; };
		2EC7C20F1943371400A6C790 /* InfoPlist.strings in Resources */ = {isa = PBXBuildFile; fileRef = 2EC7C20D1943371400A6C790 /* InfoPlist.strings */; };
		2EC7C2111943371400A6C790 /* main.m in Sources */ = {isa = PBXBuildFile; fileRef = 2EC7C2101943371400A6C790 /* main.m */; };
		2EC7C2151943371400A6C790 /* SPAppDelegate.m in Sources */ = {isa = PBXBuildFile; fileRef = 2EC7C2141943371400A6C790 /* SPAppDelegate.m */; };
		2EC7C2181943371400A6C790 /* Main.storyboard in Resources */ = {isa = PBXBuildFile; fileRef = 2EC7C2161943371400A6C790 /* Main.storyboard */; };
		2EC7C21B1943371400A6C790 /* SPViewController.m in Sources */ = {isa = PBXBuildFile; fileRef = 2EC7C21A1943371400A6C790 /* SPViewController.m */; };
		2EC7C21D1943371400A6C790 /* Images.xcassets in Resources */ = {isa = PBXBuildFile; fileRef = 2EC7C21C1943371400A6C790 /* Images.xcassets */; };
		2EC7C2241943371400A6C790 /* XCTest.framework in Frameworks */ = {isa = PBXBuildFile; fileRef = 2EC7C2231943371400A6C790 /* XCTest.framework */; };
		2EC7C2251943371400A6C790 /* Foundation.framework in Frameworks */ = {isa = PBXBuildFile; fileRef = 2EC7C2041943371400A6C790 /* Foundation.framework */; };
		2EC7C2261943371400A6C790 /* UIKit.framework in Frameworks */ = {isa = PBXBuildFile; fileRef = 2EC7C2081943371400A6C790 /* UIKit.framework */; };
		2EC7C22E1943371400A6C790 /* InfoPlist.strings in Resources */ = {isa = PBXBuildFile; fileRef = 2EC7C22C1943371400A6C790 /* InfoPlist.strings */; };
		2EC7C2301943371400A6C790 /* GPSxTests.m in Sources */ = {isa = PBXBuildFile; fileRef = 2EC7C22F1943371400A6C790 /* GPSxTests.m */; };
		2EC7C23A1943372400A6C790 /* MapKit.framework in Frameworks */ = {isa = PBXBuildFile; fileRef = 2EC7C2391943372400A6C790 /* MapKit.framework */; };
		2EC7C23C1943372D00A6C790 /* CoreLocation.framework in Frameworks */ = {isa = PBXBuildFile; fileRef = 2EC7C23B1943372D00A6C790 /* CoreLocation.framework */; };
		2EC7C23F1943393000A6C790 /* MPViewController.m in Sources */ = {isa = PBXBuildFile; fileRef = 2EC7C23E1943393000A6C790 /* MPViewController.m */; };
		2EC7C2421943396000A6C790 /* SPAnnotation.m in Sources */ = {isa = PBXBuildFile; fileRef = 2EC7C2411943396000A6C790 /* SPAnnotation.m */; };
		2EC7C2481943B91D00A6C790 /* Settings.bundle in Resources */ = {isa = PBXBuildFile; fileRef = 2EC7C2471943B91D00A6C790 /* Settings.bundle */; };
/* End PBXBuildFile section */

/* Begin PBXContainerItemProxy section */
		2EC7C2271943371400A6C790 /* PBXContainerItemProxy */ = {
			isa = PBXContainerItemProxy;
			containerPortal = 2EC7C1F91943371400A6C790 /* Project object */;
			proxyType = 1;
			remoteGlobalIDString = 2EC7C2001943371400A6C790;
			remoteInfo = GPSx;
		};
/* End PBXContainerItemProxy section */

/* Begin PBXFileReference section */
		2E278A5B1944712D00D19C8B /* CalViewController.h */ = {isa = PBXFileReference; fileEncoding = 4; lastKnownFileType = sourcecode.c.h; path = CalViewController.h; sourceTree = "<group>"; };
		2E278A5C1944712D00D19C8B /* CalViewController.m */ = {isa = PBXFileReference; fileEncoding = 4; lastKnownFileType = sourcecode.c.objc; path = CalViewController.m; sourceTree = "<group>"; };
		2E6D3F7D1954494600C6890B /* 120.png */ = {isa = PBXFileReference; lastKnownFileType = image.png; path = 120.png; sourceTree = "<group>"; };
		2E6D3F7E1954494600C6890B /* 58.png */ = {isa = PBXFileReference; lastKnownFileType = image.png; path = 58.png; sourceTree = "<group>"; };
		2E6D3F7F1954494600C6890B /* 80.png */ = {isa = PBXFileReference; lastKnownFileType = image.png; path = 80.png; sourceTree = "<group>"; };
		2EC7C2011943371400A6C790 /* GPSx.app */ = {isa = PBXFileReference; explicitFileType = wrapper.application; includeInIndex = 0; path = GPSx.app; sourceTree = BUILT_PRODUCTS_DIR; };
		2EC7C2041943371400A6C790 /* Foundation.framework */ = {isa = PBXFileReference; lastKnownFileType = wrapper.framework; name = Foundation.framework; path = System/Library/Frameworks/Foundation.framework; sourceTree = SDKROOT; };
		2EC7C2061943371400A6C790 /* CoreGraphics.framework */ = {isa = PBXFileReference; lastKnownFileType = wrapper.framework; name = CoreGraphics.framework; path = System/Library/Frameworks/CoreGraphics.framework; sourceTree = SDKROOT; };
		2EC7C2081943371400A6C790 /* UIKit.framework */ = {isa = PBXFileReference; lastKnownFileType = wrapper.framework; name = UIKit.framework; path = System/Library/Frameworks/UIKit.framework; sourceTree = SDKROOT; };
		2EC7C20C1943371400A6C790 /* GPSx-Info.plist */ = {isa = PBXFileReference; lastKnownFileType = text.plist.xml; path = "GPSx-Info.plist"; sourceTree = "<group>"; };
		2EC7C20E1943371400A6C790 /* en */ = {isa = PBXFileReference; lastKnownFileType = text.plist.strings; name = en; path = en.lproj/InfoPlist.strings; sourceTree = "<group>"; };
		2EC7C2101943371400A6C790 /* main.m */ = {isa = PBXFileReference; lastKnownFileType = sourcecode.c.objc; path = main.m; sourceTree = "<group>"; };
		2EC7C2121943371400A6C790 /* GPSx-Prefix.pch */ = {isa = PBXFileReference; lastKnownFileType = sourcecode.c.h; path = "GPSx-Prefix.pch"; sourceTree = "<group>"; };
		2EC7C2131943371400A6C790 /* SPAppDelegate.h */ = {isa = PBXFileReference; lastKnownFileType = sourcecode.c.h; path = SPAppDelegate.h; sourceTree = "<group>"; };
		2EC7C2141943371400A6C790 /* SPAppDelegate.m */ = {isa = PBXFileReference; lastKnownFileType = sourcecode.c.objc; path = SPAppDelegate.m; sourceTree = "<group>"; };
		2EC7C2171943371400A6C790 /* Base */ = {isa = PBXFileReference; lastKnownFileType = file.storyboard; name = Base; path = Base.lproj/Main.storyboard; sourceTree = "<group>"; };
		2EC7C2191943371400A6C790 /* SPViewController.h */ = {isa = PBXFileReference; lastKnownFileType = sourcecode.c.h; path = SPViewController.h; sourceTree = "<group>"; };
		2EC7C21A1943371400A6C790 /* SPViewController.m */ = {isa = PBXFileReference; lastKnownFileType = sourcecode.c.objc; path = SPViewController.m; sourceTree = "<group>"; };
		2EC7C21C1943371400A6C790 /* Images.xcassets */ = {isa = PBXFileReference; lastKnownFileType = folder.assetcatalog; path = Images.xcassets; sourceTree = "<group>"; };
		2EC7C2221943371400A6C790 /* GPSxTests.xctest */ = {isa = PBXFileReference; explicitFileType = wrapper.cfbundle; includeInIndex = 0; path = GPSxTests.xctest; sourceTree = BUILT_PRODUCTS_DIR; };
		2EC7C2231943371400A6C790 /* XCTest.framework */ = {isa = PBXFileReference; lastKnownFileType = wrapper.framework; name = XCTest.framework; path = Library/Frameworks/XCTest.framework; sourceTree = DEVELOPER_DIR; };
		2EC7C22B1943371400A6C790 /* GPSxTests-Info.plist */ = {isa = PBXFileReference; lastKnownFileType = text.plist.xml; path = "GPSxTests-Info.plist"; sourceTree = "<group>"; };
		2EC7C22D1943371400A6C790 /* en */ = {isa = PBXFileReference; lastKnownFileType = text.plist.strings; name = en; path = en.lproj/InfoPlist.strings; sourceTree = "<group>"; };
		2EC7C22F1943371400A6C790 /* GPSxTests.m */ = {isa = PBXFileReference; lastKnownFileType = sourcecode.c.objc; path = GPSxTests.m; sourceTree = "<group>"; };
		2EC7C2391943372400A6C790 /* MapKit.framework */ = {isa = PBXFileReference; lastKnownFileType = wrapper.framework; name = MapKit.framework; path = System/Library/Frameworks/MapKit.framework; sourceTree = SDKROOT; };
		2EC7C23B1943372D00A6C790 /* CoreLocation.framework */ = {isa = PBXFileReference; lastKnownFileType = wrapper.framework; name = CoreLocation.framework; path = System/Library/Frameworks/CoreLocation.framework; sourceTree = SDKROOT; };
		2EC7C23D1943393000A6C790 /* MPViewController.h */ = {isa = PBXFileReference; fileEncoding = 4; lastKnownFileType = sourcecode.c.h; path = MPViewController.h; sourceTree = "<group>"; };
		2EC7C23E1943393000A6C790 /* MPViewController.m */ = {isa = PBXFileReference; fileEncoding = 4; lastKnownFileType = sourcecode.c.objc; path = MPViewController.m; sourceTree = "<group>"; };
		2EC7C2401943396000A6C790 /* SPAnnotation.h */ = {isa = PBXFileReference; fileEncoding = 4; lastKnownFileType = sourcecode.c.h; path = SPAnnotation.h; sourceTree = "<group>"; };
		2EC7C2411943396000A6C790 /* SPAnnotation.m */ = {isa = PBXFileReference; fileEncoding = 4; lastKnownFileType = sourcecode.c.objc; path = SPAnnotation.m; sourceTree = "<group>"; };
		2EC7C2461943472300A6C790 /* Constants.h */ = {isa = PBXFileReference; fileEncoding = 4; lastKnownFileType = sourcecode.c.h; name = Constants.h; path = Model/Constants.h; sourceTree = "<group>"; };
		2EC7C2471943B91D00A6C790 /* Settings.bundle */ = {isa = PBXFileReference; lastKnownFileType = "wrapper.plug-in"; path = Settings.bundle; sourceTree = "<group>"; };
/* End PBXFileReference section */

/* Begin PBXFrameworksBuildPhase section */
		2EC7C1FE1943371400A6C790 /* Frameworks */ = {
			isa = PBXFrameworksBuildPhase;
			buildActionMask = 2147483647;
			files = (
				2EC7C23C1943372D00A6C790 /* CoreLocation.framework in Frameworks */,
				2EC7C23A1943372400A6C790 /* MapKit.framework in Frameworks */,
				2EC7C2071943371400A6C790 /* CoreGraphics.framework in Frameworks */,
				2EC7C2091943371400A6C790 /* UIKit.framework in Frameworks */,
				2EC7C2051943371400A6C790 /* Foundation.framework in Frameworks */,
			);
			runOnlyForDeploymentPostprocessing = 0;
		};
		2EC7C21F1943371400A6C790 /* Frameworks */ = {
			isa = PBXFrameworksBuildPhase;
			buildActionMask = 2147483647;
			files = (
				2EC7C2241943371400A6C790 /* XCTest.framework in Frameworks */,
				2EC7C2261943371400A6C790 /* UIKit.framework in Frameworks */,
				2EC7C2251943371400A6C790 /* Foundation.framework in Frameworks */,
			);
			runOnlyForDeploymentPostprocessing = 0;
		};
/* End PBXFrameworksBuildPhase section */

/* Begin PBXGroup section */
		2E6D3F7C1954494600C6890B /* img */ = {
			isa = PBXGroup;
			children = (
				2E6D3F7D1954494600C6890B /* 120.png */,
				2E6D3F7E1954494600C6890B /* 58.png */,
				2E6D3F7F1954494600C6890B /* 80.png */,
			);
			path = img;
			sourceTree = "<group>";
		};
		2EC7C1F81943371400A6C790 = {
			isa = PBXGroup;
			children = (
				2EC7C20A1943371400A6C790 /* GPSx */,
				2EC7C2291943371400A6C790 /* GPSxTests */,
				2EC7C2031943371400A6C790 /* Frameworks */,
				2EC7C2021943371400A6C790 /* Products */,
			);
			sourceTree = "<group>";
		};
		2EC7C2021943371400A6C790 /* Products */ = {
			isa = PBXGroup;
			children = (
				2EC7C2011943371400A6C790 /* GPSx.app */,
				2EC7C2221943371400A6C790 /* GPSxTests.xctest */,
			);
			name = Products;
			sourceTree = "<group>";
		};
		2EC7C2031943371400A6C790 /* Frameworks */ = {
			isa = PBXGroup;
			children = (
				2EC7C23B1943372D00A6C790 /* CoreLocation.framework */,
				2EC7C2391943372400A6C790 /* MapKit.framework */,
				2EC7C2041943371400A6C790 /* Foundation.framework */,
				2EC7C2061943371400A6C790 /* CoreGraphics.framework */,
				2EC7C2081943371400A6C790 /* UIKit.framework */,
				2EC7C2231943371400A6C790 /* XCTest.framework */,
			);
			name = Frameworks;
			sourceTree = "<group>";
		};
		2EC7C20A1943371400A6C790 /* GPSx */ = {
			isa = PBXGroup;
			children = (
				2EC7C2471943B91D00A6C790 /* Settings.bundle */,
				2EC7C2161943371400A6C790 /* Main.storyboard */,
				2EC7C2191943371400A6C790 /* SPViewController.h */,
				2EC7C21A1943371400A6C790 /* SPViewController.m */,
				2EC7C23D1943393000A6C790 /* MPViewController.h */,
				2EC7C23E1943393000A6C790 /* MPViewController.m */,
				2E278A5B1944712D00D19C8B /* CalViewController.h */,
				2E278A5C1944712D00D19C8B /* CalViewController.m */,
				2EC7C2401943396000A6C790 /* SPAnnotation.h */,
				2EC7C2411943396000A6C790 /* SPAnnotation.m */,
				2EC7C2461943472300A6C790 /* Constants.h */,
				2EC7C21C1943371400A6C790 /* Images.xcassets */,
				2EC7C20B1943371400A6C790 /* Supporting Files */,
			);
			path = GPSx;
			sourceTree = "<group>";
		};
		2EC7C20B1943371400A6C790 /* Supporting Files */ = {
			isa = PBXGroup;
			children = (
				2E6D3F7C1954494600C6890B /* img */,
				2EC7C2131943371400A6C790 /* SPAppDelegate.h */,
				2EC7C2141943371400A6C790 /* SPAppDelegate.m */,
				2EC7C20C1943371400A6C790 /* GPSx-Info.plist */,
				2EC7C20D1943371400A6C790 /* InfoPlist.strings */,
				2EC7C2101943371400A6C790 /* main.m */,
				2EC7C2121943371400A6C790 /* GPSx-Prefix.pch */,
			);
			name = "Supporting Files";
			sourceTree = "<group>";
		};
		2EC7C2291943371400A6C790 /* GPSxTests */ = {
			isa = PBXGroup;
			children = (
				2EC7C22F1943371400A6C790 /* GPSxTests.m */,
				2EC7C22A1943371400A6C790 /* Supporting Files */,
			);
			path = GPSxTests;
			sourceTree = "<group>";
		};
		2EC7C22A1943371400A6C790 /* Supporting Files */ = {
			isa = PBXGroup;
			children = (
				2EC7C22B1943371400A6C790 /* GPSxTests-Info.plist */,
				2EC7C22C1943371400A6C790 /* InfoPlist.strings */,
			);
			name = "Supporting Files";
			sourceTree = "<group>";
		};
/* End PBXGroup section */

/* Begin PBXNativeTarget section */
		2EC7C2001943371400A6C790 /* GPSx */ = {
			isa = PBXNativeTarget;
			buildConfigurationList = 2EC7C2331943371400A6C790 /* Build configuration list for PBXNativeTarget "GPSx" */;
			buildPhases = (
				2EC7C1FD1943371400A6C790 /* Sources */,
				2EC7C1FE1943371400A6C790 /* Frameworks */,
				2EC7C1FF1943371400A6C790 /* Resources */,
			);
			buildRules = (
			);
			dependencies = (
			);
			name = GPSx;
			productName = GPSx;
			productReference = 2EC7C2011943371400A6C790 /* GPSx.app */;
			productType = "com.apple.product-type.application";
		};
		2EC7C2211943371400A6C790 /* GPSxTests */ = {
			isa = PBXNativeTarget;
			buildConfigurationList = 2EC7C2361943371400A6C790 /* Build configuration list for PBXNativeTarget "GPSxTests" */;
			buildPhases = (
				2EC7C21E1943371400A6C790 /* Sources */,
				2EC7C21F1943371400A6C790 /* Frameworks */,
				2EC7C2201943371400A6C790 /* Resources */,
			);
			buildRules = (
			);
			dependencies = (
				2EC7C2281943371400A6C790 /* PBXTargetDependency */,
			);
			name = GPSxTests;
			productName = GPSxTests;
			productReference = 2EC7C2221943371400A6C790 /* GPSxTests.xctest */;
			productType = "com.apple.product-type.bundle.unit-test";
		};
/* End PBXNativeTarget section */

/* Begin PBXProject section */
		2EC7C1F91943371400A6C790 /* Project object */ = {
			isa = PBXProject;
			attributes = {
				CLASSPREFIX = SP;
				LastUpgradeCheck = 0510;
				ORGANIZATIONNAME = asscubo;
				TargetAttributes = {
					2EC7C2211943371400A6C790 = {
						TestTargetID = 2EC7C2001943371400A6C790;
					};
				};
			};
			buildConfigurationList = 2EC7C1FC1943371400A6C790 /* Build configuration list for PBXProject "GPSx" */;
			compatibilityVersion = "Xcode 3.2";
			developmentRegion = English;
			hasScannedForEncodings = 0;
			knownRegions = (
				en,
				Base,
			);
			mainGroup = 2EC7C1F81943371400A6C790;
			productRefGroup = 2EC7C2021943371400A6C790 /* Products */;
			projectDirPath = "";
			projectRoot = "";
			targets = (
				2EC7C2001943371400A6C790 /* GPSx */,
				2EC7C2211943371400A6C790 /* GPSxTests */,
			);
		};
/* End PBXProject section */

/* Begin PBXResourcesBuildPhase section */
		2EC7C1FF1943371400A6C790 /* Resources */ = {
			isa = PBXResourcesBuildPhase;
			buildActionMask = 2147483647;
			files = (
				2EC7C2481943B91D00A6C790 /* Settings.bundle in Resources */,
				2E6D3F821954494600C6890B /* 80.png in Resources */,
				2EC7C21D1943371400A6C790 /* Images.xcassets in Resources */,
				2E6D3F801954494600C6890B /* 120.png in Resources */,
				2EC7C20F1943371400A6C790 /* InfoPlist.strings in Resources */,
				2E6D3F811954494600C6890B /* 58.png in Resources */,
				2EC7C2181943371400A6C790 /* Main.storyboard in Resources */,
			);
			runOnlyForDeploymentPostprocessing = 0;
		};
		2EC7C2201943371400A6C790 /* Resources */ = {
			isa = PBXResourcesBuildPhase;
			buildActionMask = 2147483647;
			files = (
				2EC7C22E1943371400A6C790 /* InfoPlist.strings in Resources */,
			);
			runOnlyForDeploymentPostprocessing = 0;
		};
/* End PBXResourcesBuildPhase section */

/* Begin PBXSourcesBuildPhase section */
		2EC7C1FD1943371400A6C790 /* Sources */ = {
			isa = PBXSourcesBuildPhase;
			buildActionMask = 2147483647;
			files = (
				2EC7C2111943371400A6C790 /* main.m in Sources */,
				2EC7C23F1943393000A6C790 /* MPViewController.m in Sources */,
				2EC7C2421943396000A6C790 /* SPAnnotation.m in Sources */,
				2EC7C21B1943371400A6C790 /* SPViewController.m in Sources */,
				2E278A5D1944712D00D19C8B /* CalViewController.m in Sources */,
				2EC7C2151943371400A6C790 /* SPAppDelegate.m in Sources */,
			);
			runOnlyForDeploymentPostprocessing = 0;
		};
		2EC7C21E1943371400A6C790 /* Sources */ = {
			isa = PBXSourcesBuildPhase;
			buildActionMask = 2147483647;
			files = (
				2EC7C2301943371400A6C790 /* GPSxTests.m in Sources */,
			);
			runOnlyForDeploymentPostprocessing = 0;
		};
/* End PBXSourcesBuildPhase section */

/* Begin PBXTargetDependency section */
		2EC7C2281943371400A6C790 /* PBXTargetDependency */ = {
			isa = PBXTargetDependency;
			target = 2EC7C2001943371400A6C790 /* GPSx */;
			targetProxy = 2EC7C2271943371400A6C790 /* PBXContainerItemProxy */;
		};
/* End PBXTargetDependency section */

/* Begin PBXVariantGroup section */
		2EC7C20D1943371400A6C790 /* InfoPlist.strings */ = {
			isa = PBXVariantGroup;
			children = (
				2EC7C20E1943371400A6C790 /* en */,
			);
			name = InfoPlist.strings;
			sourceTree = "<group>";
		};
		2EC7C2161943371400A6C790 /* Main.storyboard */ = {
			isa = PBXVariantGroup;
			children = (
				2EC7C2171943371400A6C790 /* Base */,
			);
			name = Main.storyboard;
			sourceTree = "<group>";
		};
		2EC7C22C1943371400A6C790 /* InfoPlist.strings */ = {
			isa = PBXVariantGroup;
			children = (
				2EC7C22D1943371400A6C790 /* en */,
			);
			name = InfoPlist.strings;
			sourceTree = "<group>";
		};
/* End PBXVariantGroup section */

/* Begin XCBuildConfiguration section */
		2EC7C2311943371400A6C790 /* Debug */ = {
			isa = XCBuildConfiguration;
			buildSettings = {
				ALWAYS_SEARCH_USER_PATHS = NO;
				CLANG_CXX_LANGUAGE_STANDARD = "gnu++0x";
				CLANG_CXX_LIBRARY = "libc++";
				CLANG_ENABLE_MODULES = YES;
				CLANG_ENABLE_OBJC_ARC = YES;
				CLANG_WARN_BOOL_CONVERSION = YES;
				CLANG_WARN_CONSTANT_CONVERSION = YES;
				CLANG_WARN_DIRECT_OBJC_ISA_USAGE = YES_ERROR;
				CLANG_WARN_EMPTY_BODY = YES;
				CLANG_WARN_ENUM_CONVERSION = YES;
				CLANG_WARN_INT_CONVERSION = YES;
				CLANG_WARN_OBJC_ROOT_CLASS = YES_ERROR;
				CLANG_WARN__DUPLICATE_METHOD_MATCH = YES;
				"CODE_SIGN_IDENTITY[sdk=iphoneos*]" = "iPhone Developer";
				COPY_PHASE_STRIP = NO;
				GCC_C_LANGUAGE_STANDARD = gnu99;
				GCC_DYNAMIC_NO_PIC = NO;
				GCC_OPTIMIZATION_LEVEL = 0;
				GCC_PREPROCESSOR_DEFINITIONS = (
					"DEBUG=1",
					"$(inherited)",
				);
				GCC_SYMBOLS_PRIVATE_EXTERN = NO;
				GCC_WARN_64_TO_32_BIT_CONVERSION = YES;
				GCC_WARN_ABOUT_RETURN_TYPE = YES_ERROR;
				GCC_WARN_UNDECLARED_SELECTOR = YES;
				GCC_WARN_UNINITIALIZED_AUTOS = YES_AGGRESSIVE;
				GCC_WARN_UNUSED_FUNCTION = YES;
				GCC_WARN_UNUSED_VARIABLE = YES;
				IPHONEOS_DEPLOYMENT_TARGET = 7.1;
				ONLY_ACTIVE_ARCH = YES;
				SDKROOT = iphoneos;
			};
			name = Debug;
		};
		2EC7C2321943371400A6C790 /* Release */ = {
			isa = XCBuildConfiguration;
			buildSettings = {
				ALWAYS_SEARCH_USER_PATHS = NO;
				CLANG_CXX_LANGUAGE_STANDARD = "gnu++0x";
				CLANG_CXX_LIBRARY = "libc++";
				CLANG_ENABLE_MODULES = YES;
				CLANG_ENABLE_OBJC_ARC = YES;
				CLANG_WARN_BOOL_CONVERSION = YES;
				CLANG_WARN_CONSTANT_CONVERSION = YES;
				CLANG_WARN_DIRECT_OBJC_ISA_USAGE = YES_ERROR;
				CLANG_WARN_EMPTY_BODY = YES;
				CLANG_WARN_ENUM_CONVERSION = YES;
				CLANG_WARN_INT_CONVERSION = YES;
				CLANG_WARN_OBJC_ROOT_CLASS = YES_ERROR;
				CLANG_WARN__DUPLICATE_METHOD_MATCH = YES;
				"CODE_SIGN_IDENTITY[sdk=iphoneos*]" = "iPhone Developer";
				COPY_PHASE_STRIP = YES;
				ENABLE_NS_ASSERTIONS = NO;
				GCC_C_LANGUAGE_STANDARD = gnu99;
				GCC_WARN_64_TO_32_BIT_CONVERSION = YES;
				GCC_WARN_ABOUT_RETURN_TYPE = YES_ERROR;
				GCC_WARN_UNDECLARED_SELECTOR = YES;
				GCC_WARN_UNINITIALIZED_AUTOS = YES_AGGRESSIVE;
				GCC_WARN_UNUSED_FUNCTION = YES;
				GCC_WARN_UNUSED_VARIABLE = YES;
				IPHONEOS_DEPLOYMENT_TARGET = 7.1;
				SDKROOT = iphoneos;
				VALIDATE_PRODUCT = YES;
			};
			name = Release;
		};
		2EC7C2341943371400A6C790 /* Debug */ = {
			isa = XCBuildConfiguration;
			buildSettings = {
				ASSETCATALOG_COMPILER_LAUNCHIMAGE_NAME = LaunchImage;
				GCC_PRECOMPILE_PREFIX_HEADER = YES;
				GCC_PREFIX_HEADER = "GPSx/GPSx-Prefix.pch";
				INFOPLIST_FILE = "GPSx/GPSx-Info.plist";
				PRODUCT_NAME = "$(TARGET_NAME)";
				WRAPPER_EXTENSION = app;
			};
			name = Debug;
		};
		2EC7C2351943371400A6C790 /* Release */ = {
			isa = XCBuildConfiguration;
			buildSettings = {
				ASSETCATALOG_COMPILER_LAUNCHIMAGE_NAME = LaunchImage;
				GCC_PRECOMPILE_PREFIX_HEADER = YES;
				GCC_PREFIX_HEADER = "GPSx/GPSx-Prefix.pch";
				INFOPLIST_FILE = "GPSx/GPSx-Info.plist";
				PRODUCT_NAME = "$(TARGET_NAME)";
				WRAPPER_EXTENSION = app;
			};
			name = Release;
		};
		2EC7C2371943371400A6C790 /* Debug */ = {
			isa = XCBuildConfiguration;
			buildSettings = {
				BUNDLE_LOADER = "$(BUILT_PRODUCTS_DIR)/GPSx.app/GPSx";
				FRAMEWORK_SEARCH_PATHS = (
					"$(SDKROOT)/Developer/Library/Frameworks",
					"$(inherited)",
					"$(DEVELOPER_FRAMEWORKS_DIR)",
				);
				GCC_PRECOMPILE_PREFIX_HEADER = YES;
				GCC_PREFIX_HEADER = "GPSx/GPSx-Prefix.pch";
				GCC_PREPROCESSOR_DEFINITIONS = (
					"DEBUG=1",
					"$(inherited)",
				);
				INFOPLIST_FILE = "GPSxTests/GPSxTests-Info.plist";
				PRODUCT_NAME = "$(TARGET_NAME)";
				TEST_HOST = "$(BUNDLE_LOADER)";
				WRAPPER_EXTENSION = xctest;
			};
			name = Debug;
		};
		2EC7C2381943371400A6C790 /* Release */ = {
			isa = XCBuildConfiguration;
			buildSettings = {
				BUNDLE_LOADER = "$(BUILT_PRODUCTS_DIR)/GPSx.app/GPSx";
				FRAMEWORK_SEARCH_PATHS = (
					"$(SDKROOT)/Developer/Library/Frameworks",
					"$(inherited)",
					"$(DEVELOPER_FRAMEWORKS_DIR)",
				);
				GCC_PRECOMPILE_PREFIX_HEADER = YES;
				GCC_PREFIX_HEADER = "GPSx/GPSx-Prefix.pch";
				INFOPLIST_FILE = "GPSxTests/GPSxTests-Info.plist";
				PRODUCT_NAME = "$(TARGET_NAME)";
				TEST_HOST = "$(BUNDLE_LOADER)";
				WRAPPER_EXTENSION = xctest;
			};
			name = Release;
		};
/* End XCBuildConfiguration section */

/* Begin XCConfigurationList section */
		2EC7C1FC1943371400A6C790 /* Build configuration list for PBXProject "GPSx" */ = {
			isa = XCConfigurationList;
			buildConfigurations = (
				2EC7C2311943371400A6C790 /* Debug */,
				2EC7C2321943371400A6C790 /* Release */,
			);
			defaultConfigurationIsVisible = 0;
			defaultConfigurationName = Release;
		};
		2EC7C2331943371400A6C790 /* Build configuration list for PBXNativeTarget "GPSx" */ = {
			isa = XCConfigurationList;
			buildConfigurations = (
				2EC7C2341943371400A6C790 /* Debug */,
				2EC7C2351943371400A6C790 /* Release */,
			);
			defaultConfigurationIsVisible = 0;
			defaultConfigurationName = Release;
		};
		2EC7C2361943371400A6C790 /* Build configuration list for PBXNativeTarget "GPSxTests" */ = {
			isa = XCConfigurationList;
			buildConfigurations = (
				2EC7C2371943371400A6C790 /* Debug */,
				2EC7C2381943371400A6C790 /* Release */,
			);
			defaultConfigurationIsVisible = 0;
			defaultConfigurationName = Release;
		};
/* End XCConfigurationList section */
	};
	rootObject = 2EC7C1F91943371400A6C790 /* Project object */;
}
